
Microsoft Visual Studio Solution File, Format Version 12.00
# Visual Studio Version 16
VisualStudioVersion = 16.0.29709.97
MinimumVisualStudioVersion = 10.0.40219.1
Project("{FAE04EC0-301F-11D3-BF4B-00C04F79EFBC}") = "GigHubProject", "GigHubProject\GigHubProject.csproj", "{EDC6A2F2-96E5-4084-B1D6-ED133C601F60}"
EndProject
Project("{2150E333-8FDC-42A3-9474-1A3956D46DE8}") = "Solution Items", "Solution Items", "{8A861AF3-5E35-491A-9EE1-7EE881950391}"
	ProjectSection(SolutionItems) = preProject
		.editorconfig = .editorconfig
		.gitignore = .gitignore
	EndProjectSection
EndProject
Global
	GlobalSection(SolutionConfigurationPlatforms) = preSolution
		Debug|Any CPU = Debug|Any CPU
		Release|Any CPU = Release|Any CPU
	EndGlobalSection
	GlobalSection(ProjectConfigurationPlatforms) = postSolution
		{EDC6A2F2-96E5-4084-B1D6-ED133C601F60}.Debug|Any CPU.ActiveCfg = Debug|Any CPU
		{EDC6A2F2-96E5-4084-B1D6-ED133C601F60}.Debug|Any CPU.Build.0 = Debug|Any CPU
		{EDC6A2F2-96E5-4084-B1D6-ED133C601F60}.Release|Any CPU.ActiveCfg = Release|Any CPU
		{EDC6A2F2-96E5-4084-B1D6-ED133C601F60}.Release|Any CPU.Build.0 = Release|Any CPU
	EndGlobalSection
	GlobalSection(SolutionProperties) = preSolution
		HideSolutionNode = FALSE
	EndGlobalSection
	GlobalSection(ExtensibilityGlobals) = postSolution
		SolutionGuid = {BAEB8AFB-A0B6-48D5-93BD-770A98C579F0}
	EndGlobalSection
EndGlobal
